// !$*UTF8*$!
{
	archiveVersion = 1;
	classes = {
	};
	objectVersion = 51;
	objects = {

/* Begin PBXBuildFile section */
		18994584E604A41DD6EB4E31 /* Pods_SafeTravelsTests.framework in Frameworks */ = {isa = PBXBuildFile; fileRef = DD3F6C19F4F03AA3947869A1 /* Pods_SafeTravelsTests.framework */; };
		60B461F9C7A293CE083B025C /* Pods_SafeTravels.framework in Frameworks */ = {isa = PBXBuildFile; fileRef = D97C8A5619C2AB2B20A5FEAC /* Pods_SafeTravels.framework */; };
		6900CC6C24CB64E500ED82DC /* SingleTripViewController.swift in Sources */ = {isa = PBXBuildFile; fileRef = 6900CC6B24CB64E500ED82DC /* SingleTripViewController.swift */; };
		6923C51024C77B2E0021EA76 /* MapViewController.swift in Sources */ = {isa = PBXBuildFile; fileRef = 6923C50C24C77B280021EA76 /* MapViewController.swift */; };
		6923C51124C77B2E0021EA76 /* LocationSearchTable.swift in Sources */ = {isa = PBXBuildFile; fileRef = 6923C50D24C77B2A0021EA76 /* LocationSearchTable.swift */; };
		6923C51224C77B2E0021EA76 /* UserSearchTable.swift in Sources */ = {isa = PBXBuildFile; fileRef = 6923C50E24C77B2C0021EA76 /* UserSearchTable.swift */; };
		6923C51324C77B2E0021EA76 /* CreateTripViewController.swift in Sources */ = {isa = PBXBuildFile; fileRef = 6923C50F24C77B2E0021EA76 /* CreateTripViewController.swift */; };
		6978FC4824BD35BE008A6C8C /* GoogleService-Info.plist in Resources */ = {isa = PBXBuildFile; fileRef = 6978FC4724BD35BE008A6C8C /* GoogleService-Info.plist */; };
		69A7FF8624BD8C2900F99895 /* LoginViewController.swift in Sources */ = {isa = PBXBuildFile; fileRef = 69A7FF8524BD8C2900F99895 /* LoginViewController.swift */; };
		69A7FF8824BE47AD00F99895 /* TabBarController.swift in Sources */ = {isa = PBXBuildFile; fileRef = 69A7FF8724BE47AD00F99895 /* TabBarController.swift */; };
		69A7FF8C24BE574900F99895 /* Trip.swift in Sources */ = {isa = PBXBuildFile; fileRef = 69A7FF8B24BE574900F99895 /* Trip.swift */; };
		69A7FF9024BE594B00F99895 /* Constants.swift in Sources */ = {isa = PBXBuildFile; fileRef = 69A7FF8F24BE594B00F99895 /* Constants.swift */; };
		69DD5A1124BD2F8700C1B323 /* AppDelegate.swift in Sources */ = {isa = PBXBuildFile; fileRef = 69DD5A1024BD2F8700C1B323 /* AppDelegate.swift */; };
		69DD5A1324BD2F8700C1B323 /* SceneDelegate.swift in Sources */ = {isa = PBXBuildFile; fileRef = 69DD5A1224BD2F8700C1B323 /* SceneDelegate.swift */; };
		69DD5A1524BD2F8700C1B323 /* FeedViewController.swift in Sources */ = {isa = PBXBuildFile; fileRef = 69DD5A1424BD2F8700C1B323 /* FeedViewController.swift */; };
		69DD5A1724BD2F8700C1B323 /* YourTripsViewController.swift in Sources */ = {isa = PBXBuildFile; fileRef = 69DD5A1624BD2F8700C1B323 /* YourTripsViewController.swift */; };
		69DD5A1A24BD2F8700C1B323 /* Main.storyboard in Resources */ = {isa = PBXBuildFile; fileRef = 69DD5A1824BD2F8700C1B323 /* Main.storyboard */; };
		69DD5A1C24BD2F8A00C1B323 /* Assets.xcassets in Resources */ = {isa = PBXBuildFile; fileRef = 69DD5A1B24BD2F8A00C1B323 /* Assets.xcassets */; };
		69DD5A1F24BD2F8A00C1B323 /* LaunchScreen.storyboard in Resources */ = {isa = PBXBuildFile; fileRef = 69DD5A1D24BD2F8A00C1B323 /* LaunchScreen.storyboard */; };
		69DD5A2A24BD2F8A00C1B323 /* SafeTravelsTests.swift in Sources */ = {isa = PBXBuildFile; fileRef = 69DD5A2924BD2F8A00C1B323 /* SafeTravelsTests.swift */; };
		69DD5A3524BD2F8A00C1B323 /* SafeTravelsUITests.swift in Sources */ = {isa = PBXBuildFile; fileRef = 69DD5A3424BD2F8A00C1B323 /* SafeTravelsUITests.swift */; };
		6AE2DED99D473DBA9482E260 /* Pods_SafeTravels_SafeTravelsUITests.framework in Frameworks */ = {isa = PBXBuildFile; fileRef = EA1DF9165CA1C32CF29F60E9 /* Pods_SafeTravels_SafeTravelsUITests.framework */; };
/* End PBXBuildFile section */

/* Begin PBXContainerItemProxy section */
		69DD5A2624BD2F8A00C1B323 /* PBXContainerItemProxy */ = {
			isa = PBXContainerItemProxy;
			containerPortal = 69DD5A0524BD2F8600C1B323 /* Project object */;
			proxyType = 1;
			remoteGlobalIDString = 69DD5A0C24BD2F8700C1B323;
			remoteInfo = SafeTravels;
		};
		69DD5A3124BD2F8A00C1B323 /* PBXContainerItemProxy */ = {
			isa = PBXContainerItemProxy;
			containerPortal = 69DD5A0524BD2F8600C1B323 /* Project object */;
			proxyType = 1;
			remoteGlobalIDString = 69DD5A0C24BD2F8700C1B323;
			remoteInfo = SafeTravels;
		};
/* End PBXContainerItemProxy section */

/* Begin PBXFileReference section */
		5EA34F87A95FE5D18FA519D4 /* Pods-SafeTravels-SafeTravelsUITests.release.xcconfig */ = {isa = PBXFileReference; includeInIndex = 1; lastKnownFileType = text.xcconfig; name = "Pods-SafeTravels-SafeTravelsUITests.release.xcconfig"; path = "Target Support Files/Pods-SafeTravels-SafeTravelsUITests/Pods-SafeTravels-SafeTravelsUITests.release.xcconfig"; sourceTree = "<group>"; };
		6900CC6B24CB64E500ED82DC /* SingleTripViewController.swift */ = {isa = PBXFileReference; lastKnownFileType = sourcecode.swift; path = SingleTripViewController.swift; sourceTree = "<group>"; };
		6923C50C24C77B280021EA76 /* MapViewController.swift */ = {isa = PBXFileReference; fileEncoding = 4; lastKnownFileType = sourcecode.swift; path = MapViewController.swift; sourceTree = "<group>"; };
		6923C50D24C77B2A0021EA76 /* LocationSearchTable.swift */ = {isa = PBXFileReference; fileEncoding = 4; lastKnownFileType = sourcecode.swift; path = LocationSearchTable.swift; sourceTree = "<group>"; };
		6923C50E24C77B2C0021EA76 /* UserSearchTable.swift */ = {isa = PBXFileReference; fileEncoding = 4; lastKnownFileType = sourcecode.swift; path = UserSearchTable.swift; sourceTree = "<group>"; };
		6923C50F24C77B2E0021EA76 /* CreateTripViewController.swift */ = {isa = PBXFileReference; fileEncoding = 4; lastKnownFileType = sourcecode.swift; path = CreateTripViewController.swift; sourceTree = "<group>"; };
		6978FC4724BD35BE008A6C8C /* GoogleService-Info.plist */ = {isa = PBXFileReference; fileEncoding = 4; lastKnownFileType = text.plist.xml; path = "GoogleService-Info.plist"; sourceTree = "<group>"; };
		69A7FF8524BD8C2900F99895 /* LoginViewController.swift */ = {isa = PBXFileReference; lastKnownFileType = sourcecode.swift; path = LoginViewController.swift; sourceTree = "<group>"; };
		69A7FF8724BE47AD00F99895 /* TabBarController.swift */ = {isa = PBXFileReference; lastKnownFileType = sourcecode.swift; path = TabBarController.swift; sourceTree = "<group>"; };
		69A7FF8B24BE574900F99895 /* Trip.swift */ = {isa = PBXFileReference; lastKnownFileType = sourcecode.swift; path = Trip.swift; sourceTree = "<group>"; };
		69A7FF8F24BE594B00F99895 /* Constants.swift */ = {isa = PBXFileReference; lastKnownFileType = sourcecode.swift; path = Constants.swift; sourceTree = "<group>"; };
		69DD5A0D24BD2F8700C1B323 /* SafeTravels.app */ = {isa = PBXFileReference; explicitFileType = wrapper.application; includeInIndex = 0; path = SafeTravels.app; sourceTree = BUILT_PRODUCTS_DIR; };
		69DD5A1024BD2F8700C1B323 /* AppDelegate.swift */ = {isa = PBXFileReference; lastKnownFileType = sourcecode.swift; path = AppDelegate.swift; sourceTree = "<group>"; };
		69DD5A1224BD2F8700C1B323 /* SceneDelegate.swift */ = {isa = PBXFileReference; lastKnownFileType = sourcecode.swift; path = SceneDelegate.swift; sourceTree = "<group>"; };
		69DD5A1424BD2F8700C1B323 /* FeedViewController.swift */ = {isa = PBXFileReference; lastKnownFileType = sourcecode.swift; path = FeedViewController.swift; sourceTree = "<group>"; };
		69DD5A1624BD2F8700C1B323 /* YourTripsViewController.swift */ = {isa = PBXFileReference; lastKnownFileType = sourcecode.swift; path = YourTripsViewController.swift; sourceTree = "<group>"; };
		69DD5A1924BD2F8700C1B323 /* Base */ = {isa = PBXFileReference; lastKnownFileType = file.storyboard; name = Base; path = Base.lproj/Main.storyboard; sourceTree = "<group>"; };
		69DD5A1B24BD2F8A00C1B323 /* Assets.xcassets */ = {isa = PBXFileReference; lastKnownFileType = folder.assetcatalog; path = Assets.xcassets; sourceTree = "<group>"; };
		69DD5A1E24BD2F8A00C1B323 /* Base */ = {isa = PBXFileReference; lastKnownFileType = file.storyboard; name = Base; path = Base.lproj/LaunchScreen.storyboard; sourceTree = "<group>"; };
		69DD5A2024BD2F8A00C1B323 /* Info.plist */ = {isa = PBXFileReference; lastKnownFileType = text.plist.xml; path = Info.plist; sourceTree = "<group>"; };
		69DD5A2524BD2F8A00C1B323 /* SafeTravelsTests.xctest */ = {isa = PBXFileReference; explicitFileType = wrapper.cfbundle; includeInIndex = 0; path = SafeTravelsTests.xctest; sourceTree = BUILT_PRODUCTS_DIR; };
		69DD5A2924BD2F8A00C1B323 /* SafeTravelsTests.swift */ = {isa = PBXFileReference; lastKnownFileType = sourcecode.swift; path = SafeTravelsTests.swift; sourceTree = "<group>"; };
		69DD5A2B24BD2F8A00C1B323 /* Info.plist */ = {isa = PBXFileReference; lastKnownFileType = text.plist.xml; path = Info.plist; sourceTree = "<group>"; };
		69DD5A3024BD2F8A00C1B323 /* SafeTravelsUITests.xctest */ = {isa = PBXFileReference; explicitFileType = wrapper.cfbundle; includeInIndex = 0; path = SafeTravelsUITests.xctest; sourceTree = BUILT_PRODUCTS_DIR; };
		69DD5A3424BD2F8A00C1B323 /* SafeTravelsUITests.swift */ = {isa = PBXFileReference; lastKnownFileType = sourcecode.swift; path = SafeTravelsUITests.swift; sourceTree = "<group>"; };
		69DD5A3624BD2F8A00C1B323 /* Info.plist */ = {isa = PBXFileReference; lastKnownFileType = text.plist.xml; path = Info.plist; sourceTree = "<group>"; };
		92D3F04C789813017DAFA3FE /* Pods-SafeTravels.release.xcconfig */ = {isa = PBXFileReference; includeInIndex = 1; lastKnownFileType = text.xcconfig; name = "Pods-SafeTravels.release.xcconfig"; path = "Target Support Files/Pods-SafeTravels/Pods-SafeTravels.release.xcconfig"; sourceTree = "<group>"; };
		93B734A5E5314F2E8C514FCA /* Pods-SafeTravelsTests.debug.xcconfig */ = {isa = PBXFileReference; includeInIndex = 1; lastKnownFileType = text.xcconfig; name = "Pods-SafeTravelsTests.debug.xcconfig"; path = "Target Support Files/Pods-SafeTravelsTests/Pods-SafeTravelsTests.debug.xcconfig"; sourceTree = "<group>"; };
		A55ADB370FAC9CAEAF5CD6FD /* Pods-SafeTravels-SafeTravelsUITests.debug.xcconfig */ = {isa = PBXFileReference; includeInIndex = 1; lastKnownFileType = text.xcconfig; name = "Pods-SafeTravels-SafeTravelsUITests.debug.xcconfig"; path = "Target Support Files/Pods-SafeTravels-SafeTravelsUITests/Pods-SafeTravels-SafeTravelsUITests.debug.xcconfig"; sourceTree = "<group>"; };
		AAAE41D57DCEA806BE7D69AC /* Pods-SafeTravelsTests.release.xcconfig */ = {isa = PBXFileReference; includeInIndex = 1; lastKnownFileType = text.xcconfig; name = "Pods-SafeTravelsTests.release.xcconfig"; path = "Target Support Files/Pods-SafeTravelsTests/Pods-SafeTravelsTests.release.xcconfig"; sourceTree = "<group>"; };
		CB0E012AAD6779D98F743CB6 /* Pods-SafeTravels.debug.xcconfig */ = {isa = PBXFileReference; includeInIndex = 1; lastKnownFileType = text.xcconfig; name = "Pods-SafeTravels.debug.xcconfig"; path = "Target Support Files/Pods-SafeTravels/Pods-SafeTravels.debug.xcconfig"; sourceTree = "<group>"; };
		D97C8A5619C2AB2B20A5FEAC /* Pods_SafeTravels.framework */ = {isa = PBXFileReference; explicitFileType = wrapper.framework; includeInIndex = 0; path = Pods_SafeTravels.framework; sourceTree = BUILT_PRODUCTS_DIR; };
		DD3F6C19F4F03AA3947869A1 /* Pods_SafeTravelsTests.framework */ = {isa = PBXFileReference; explicitFileType = wrapper.framework; includeInIndex = 0; path = Pods_SafeTravelsTests.framework; sourceTree = BUILT_PRODUCTS_DIR; };
		EA1DF9165CA1C32CF29F60E9 /* Pods_SafeTravels_SafeTravelsUITests.framework */ = {isa = PBXFileReference; explicitFileType = wrapper.framework; includeInIndex = 0; path = Pods_SafeTravels_SafeTravelsUITests.framework; sourceTree = BUILT_PRODUCTS_DIR; };
/* End PBXFileReference section */

/* Begin PBXFrameworksBuildPhase section */
		69DD5A0A24BD2F8700C1B323 /* Frameworks */ = {
			isa = PBXFrameworksBuildPhase;
			buildActionMask = 2147483647;
			files = (
				60B461F9C7A293CE083B025C /* Pods_SafeTravels.framework in Frameworks */,
			);
			runOnlyForDeploymentPostprocessing = 0;
		};
		69DD5A2224BD2F8A00C1B323 /* Frameworks */ = {
			isa = PBXFrameworksBuildPhase;
			buildActionMask = 2147483647;
			files = (
				18994584E604A41DD6EB4E31 /* Pods_SafeTravelsTests.framework in Frameworks */,
			);
			runOnlyForDeploymentPostprocessing = 0;
		};
		69DD5A2D24BD2F8A00C1B323 /* Frameworks */ = {
			isa = PBXFrameworksBuildPhase;
			buildActionMask = 2147483647;
			files = (
				6AE2DED99D473DBA9482E260 /* Pods_SafeTravels_SafeTravelsUITests.framework in Frameworks */,
			);
			runOnlyForDeploymentPostprocessing = 0;
		};
/* End PBXFrameworksBuildPhase section */

/* Begin PBXGroup section */
		69DD5A0424BD2F8600C1B323 = {
			isa = PBXGroup;
			children = (
				69DD5A0F24BD2F8700C1B323 /* SafeTravels */,
				69DD5A2824BD2F8A00C1B323 /* SafeTravelsTests */,
				69DD5A3324BD2F8A00C1B323 /* SafeTravelsUITests */,
				69DD5A0E24BD2F8700C1B323 /* Products */,
				7C41B4DF878E8CD181291C6C /* Pods */,
				E0CD15C124A2D32B9DCC31A0 /* Frameworks */,
			);
			sourceTree = "<group>";
		};
		69DD5A0E24BD2F8700C1B323 /* Products */ = {
			isa = PBXGroup;
			children = (
				69DD5A0D24BD2F8700C1B323 /* SafeTravels.app */,
				69DD5A2524BD2F8A00C1B323 /* SafeTravelsTests.xctest */,
				69DD5A3024BD2F8A00C1B323 /* SafeTravelsUITests.xctest */,
			);
			name = Products;
			sourceTree = "<group>";
		};
		69DD5A0F24BD2F8700C1B323 /* SafeTravels */ = {
			isa = PBXGroup;
			children = (
				6978FC4724BD35BE008A6C8C /* GoogleService-Info.plist */,
				69DD5A1024BD2F8700C1B323 /* AppDelegate.swift */,
				69A7FF8B24BE574900F99895 /* Trip.swift */,
				69A7FF8F24BE594B00F99895 /* Constants.swift */,
				69DD5A1224BD2F8700C1B323 /* SceneDelegate.swift */,
				69DD5A4224BD310100C1B323 /* Controllers */,
				69DD5A1824BD2F8700C1B323 /* Main.storyboard */,
				69DD5A1B24BD2F8A00C1B323 /* Assets.xcassets */,
				69DD5A1D24BD2F8A00C1B323 /* LaunchScreen.storyboard */,
				69DD5A2024BD2F8A00C1B323 /* Info.plist */,
			);
			path = SafeTravels;
			sourceTree = "<group>";
		};
		69DD5A2824BD2F8A00C1B323 /* SafeTravelsTests */ = {
			isa = PBXGroup;
			children = (
				69DD5A2924BD2F8A00C1B323 /* SafeTravelsTests.swift */,
				69DD5A2B24BD2F8A00C1B323 /* Info.plist */,
			);
			path = SafeTravelsTests;
			sourceTree = "<group>";
		};
		69DD5A3324BD2F8A00C1B323 /* SafeTravelsUITests */ = {
			isa = PBXGroup;
			children = (
				69DD5A3424BD2F8A00C1B323 /* SafeTravelsUITests.swift */,
				69DD5A3624BD2F8A00C1B323 /* Info.plist */,
			);
			path = SafeTravelsUITests;
			sourceTree = "<group>";
		};
		69DD5A4224BD310100C1B323 /* Controllers */ = {
			isa = PBXGroup;
			children = (
				6923C50F24C77B2E0021EA76 /* CreateTripViewController.swift */,
				6923C50D24C77B2A0021EA76 /* LocationSearchTable.swift */,
				6923C50C24C77B280021EA76 /* MapViewController.swift */,
				6923C50E24C77B2C0021EA76 /* UserSearchTable.swift */,
				69DD5A1424BD2F8700C1B323 /* FeedViewController.swift */,
				69DD5A1624BD2F8700C1B323 /* YourTripsViewController.swift */,
				6900CC6B24CB64E500ED82DC /* SingleTripViewController.swift */,
				69A7FF8524BD8C2900F99895 /* LoginViewController.swift */,
				69A7FF8724BE47AD00F99895 /* TabBarController.swift */,
			);
			path = Controllers;
			sourceTree = "<group>";
		};
		7C41B4DF878E8CD181291C6C /* Pods */ = {
			isa = PBXGroup;
			children = (
				CB0E012AAD6779D98F743CB6 /* Pods-SafeTravels.debug.xcconfig */,
				92D3F04C789813017DAFA3FE /* Pods-SafeTravels.release.xcconfig */,
				A55ADB370FAC9CAEAF5CD6FD /* Pods-SafeTravels-SafeTravelsUITests.debug.xcconfig */,
				5EA34F87A95FE5D18FA519D4 /* Pods-SafeTravels-SafeTravelsUITests.release.xcconfig */,
				93B734A5E5314F2E8C514FCA /* Pods-SafeTravelsTests.debug.xcconfig */,
				AAAE41D57DCEA806BE7D69AC /* Pods-SafeTravelsTests.release.xcconfig */,
			);
			path = Pods;
			sourceTree = "<group>";
		};
		E0CD15C124A2D32B9DCC31A0 /* Frameworks */ = {
			isa = PBXGroup;
			children = (
				D97C8A5619C2AB2B20A5FEAC /* Pods_SafeTravels.framework */,
				EA1DF9165CA1C32CF29F60E9 /* Pods_SafeTravels_SafeTravelsUITests.framework */,
				DD3F6C19F4F03AA3947869A1 /* Pods_SafeTravelsTests.framework */,
			);
			name = Frameworks;
			sourceTree = "<group>";
		};
/* End PBXGroup section */

/* Begin PBXNativeTarget section */
		69DD5A0C24BD2F8700C1B323 /* SafeTravels */ = {
			isa = PBXNativeTarget;
			buildConfigurationList = 69DD5A3924BD2F8A00C1B323 /* Build configuration list for PBXNativeTarget "SafeTravels" */;
			buildPhases = (
				C162EE6088BBA935FFFEDF6A /* [CP] Check Pods Manifest.lock */,
				69DD5A0924BD2F8700C1B323 /* Sources */,
				69DD5A0A24BD2F8700C1B323 /* Frameworks */,
				69DD5A0B24BD2F8700C1B323 /* Resources */,
				84FCA770FDCF36633AEB85B7 /* [CP] Embed Pods Frameworks */,
				43E1A9EFF8FD67D962D2E190 /* [CP] Copy Pods Resources */,
			);
			buildRules = (
			);
			dependencies = (
			);
			name = SafeTravels;
			productName = SafeTravels;
			productReference = 69DD5A0D24BD2F8700C1B323 /* SafeTravels.app */;
			productType = "com.apple.product-type.application";
		};
		69DD5A2424BD2F8A00C1B323 /* SafeTravelsTests */ = {
			isa = PBXNativeTarget;
			buildConfigurationList = 69DD5A3C24BD2F8A00C1B323 /* Build configuration list for PBXNativeTarget "SafeTravelsTests" */;
			buildPhases = (
				34590B2C0FE62457C26C8188 /* [CP] Check Pods Manifest.lock */,
				69DD5A2124BD2F8A00C1B323 /* Sources */,
				69DD5A2224BD2F8A00C1B323 /* Frameworks */,
				69DD5A2324BD2F8A00C1B323 /* Resources */,
			);
			buildRules = (
			);
			dependencies = (
				69DD5A2724BD2F8A00C1B323 /* PBXTargetDependency */,
			);
			name = SafeTravelsTests;
			productName = SafeTravelsTests;
			productReference = 69DD5A2524BD2F8A00C1B323 /* SafeTravelsTests.xctest */;
			productType = "com.apple.product-type.bundle.unit-test";
		};
		69DD5A2F24BD2F8A00C1B323 /* SafeTravelsUITests */ = {
			isa = PBXNativeTarget;
			buildConfigurationList = 69DD5A3F24BD2F8A00C1B323 /* Build configuration list for PBXNativeTarget "SafeTravelsUITests" */;
			buildPhases = (
				7A21C2F3C5FFB044567D8669 /* [CP] Check Pods Manifest.lock */,
				69DD5A2C24BD2F8A00C1B323 /* Sources */,
				69DD5A2D24BD2F8A00C1B323 /* Frameworks */,
				69DD5A2E24BD2F8A00C1B323 /* Resources */,
				D89C4E4B4F8C933035B9DD7D /* [CP] Embed Pods Frameworks */,
				C3483592FA13E274EC693E51 /* [CP] Copy Pods Resources */,
			);
			buildRules = (
			);
			dependencies = (
				69DD5A3224BD2F8A00C1B323 /* PBXTargetDependency */,
			);
			name = SafeTravelsUITests;
			productName = SafeTravelsUITests;
			productReference = 69DD5A3024BD2F8A00C1B323 /* SafeTravelsUITests.xctest */;
			productType = "com.apple.product-type.bundle.ui-testing";
		};
/* End PBXNativeTarget section */

/* Begin PBXProject section */
		69DD5A0524BD2F8600C1B323 /* Project object */ = {
			isa = PBXProject;
			attributes = {
				LastSwiftUpdateCheck = 1150;
				LastUpgradeCheck = 1150;
				ORGANIZATIONNAME = "Pranay Jay Patel";
				TargetAttributes = {
					69DD5A0C24BD2F8700C1B323 = {
						CreatedOnToolsVersion = 11.5;
					};
					69DD5A2424BD2F8A00C1B323 = {
						CreatedOnToolsVersion = 11.5;
						TestTargetID = 69DD5A0C24BD2F8700C1B323;
					};
					69DD5A2F24BD2F8A00C1B323 = {
						CreatedOnToolsVersion = 11.5;
						TestTargetID = 69DD5A0C24BD2F8700C1B323;
					};
				};
			};
			buildConfigurationList = 69DD5A0824BD2F8600C1B323 /* Build configuration list for PBXProject "SafeTravels" */;
			compatibilityVersion = "Xcode 9.3";
			developmentRegion = en;
			hasScannedForEncodings = 0;
			knownRegions = (
				en,
				Base,
			);
			mainGroup = 69DD5A0424BD2F8600C1B323;
			productRefGroup = 69DD5A0E24BD2F8700C1B323 /* Products */;
			projectDirPath = "";
			projectRoot = "";
			targets = (
				69DD5A0C24BD2F8700C1B323 /* SafeTravels */,
				69DD5A2424BD2F8A00C1B323 /* SafeTravelsTests */,
				69DD5A2F24BD2F8A00C1B323 /* SafeTravelsUITests */,
			);
		};
/* End PBXProject section */

/* Begin PBXResourcesBuildPhase section */
		69DD5A0B24BD2F8700C1B323 /* Resources */ = {
			isa = PBXResourcesBuildPhase;
			buildActionMask = 2147483647;
			files = (
				69DD5A1F24BD2F8A00C1B323 /* LaunchScreen.storyboard in Resources */,
				6978FC4824BD35BE008A6C8C /* GoogleService-Info.plist in Resources */,
				69DD5A1C24BD2F8A00C1B323 /* Assets.xcassets in Resources */,
				69DD5A1A24BD2F8700C1B323 /* Main.storyboard in Resources */,
			);
			runOnlyForDeploymentPostprocessing = 0;
		};
		69DD5A2324BD2F8A00C1B323 /* Resources */ = {
			isa = PBXResourcesBuildPhase;
			buildActionMask = 2147483647;
			files = (
			);
			runOnlyForDeploymentPostprocessing = 0;
		};
		69DD5A2E24BD2F8A00C1B323 /* Resources */ = {
			isa = PBXResourcesBuildPhase;
			buildActionMask = 2147483647;
			files = (
			);
			runOnlyForDeploymentPostprocessing = 0;
		};
/* End PBXResourcesBuildPhase section */

/* Begin PBXShellScriptBuildPhase section */
		34590B2C0FE62457C26C8188 /* [CP] Check Pods Manifest.lock */ = {
			isa = PBXShellScriptBuildPhase;
			buildActionMask = 2147483647;
			files = (
			);
			inputFileListPaths = (
			);
			inputPaths = (
				"${PODS_PODFILE_DIR_PATH}/Podfile.lock",
				"${PODS_ROOT}/Manifest.lock",
			);
			name = "[CP] Check Pods Manifest.lock";
			outputFileListPaths = (
			);
			outputPaths = (
				"$(DERIVED_FILE_DIR)/Pods-SafeTravelsTests-checkManifestLockResult.txt",
			);
			runOnlyForDeploymentPostprocessing = 0;
			shellPath = /bin/sh;
			shellScript = "diff \"${PODS_PODFILE_DIR_PATH}/Podfile.lock\" \"${PODS_ROOT}/Manifest.lock\" > /dev/null\nif [ $? != 0 ] ; then\n    # print error to STDERR\n    echo \"error: The sandbox is not in sync with the Podfile.lock. Run 'pod install' or update your CocoaPods installation.\" >&2\n    exit 1\nfi\n# This output is used by Xcode 'outputs' to avoid re-running this script phase.\necho \"SUCCESS\" > \"${SCRIPT_OUTPUT_FILE_0}\"\n";
			showEnvVarsInLog = 0;
		};
		43E1A9EFF8FD67D962D2E190 /* [CP] Copy Pods Resources */ = {
			isa = PBXShellScriptBuildPhase;
			buildActionMask = 2147483647;
			files = (
			);
			inputFileListPaths = (
				"${PODS_ROOT}/Target Support Files/Pods-SafeTravels/Pods-SafeTravels-resources-${CONFIGURATION}-input-files.xcfilelist",
			);
			name = "[CP] Copy Pods Resources";
			outputFileListPaths = (
				"${PODS_ROOT}/Target Support Files/Pods-SafeTravels/Pods-SafeTravels-resources-${CONFIGURATION}-output-files.xcfilelist",
			);
			runOnlyForDeploymentPostprocessing = 0;
			shellPath = /bin/sh;
			shellScript = "\"${PODS_ROOT}/Target Support Files/Pods-SafeTravels/Pods-SafeTravels-resources.sh\"\n";
			showEnvVarsInLog = 0;
		};
		7A21C2F3C5FFB044567D8669 /* [CP] Check Pods Manifest.lock */ = {
			isa = PBXShellScriptBuildPhase;
			buildActionMask = 2147483647;
			files = (
			);
			inputFileListPaths = (
			);
			inputPaths = (
				"${PODS_PODFILE_DIR_PATH}/Podfile.lock",
				"${PODS_ROOT}/Manifest.lock",
			);
			name = "[CP] Check Pods Manifest.lock";
			outputFileListPaths = (
			);
			outputPaths = (
				"$(DERIVED_FILE_DIR)/Pods-SafeTravels-SafeTravelsUITests-checkManifestLockResult.txt",
			);
			runOnlyForDeploymentPostprocessing = 0;
			shellPath = /bin/sh;
			shellScript = "diff \"${PODS_PODFILE_DIR_PATH}/Podfile.lock\" \"${PODS_ROOT}/Manifest.lock\" > /dev/null\nif [ $? != 0 ] ; then\n    # print error to STDERR\n    echo \"error: The sandbox is not in sync with the Podfile.lock. Run 'pod install' or update your CocoaPods installation.\" >&2\n    exit 1\nfi\n# This output is used by Xcode 'outputs' to avoid re-running this script phase.\necho \"SUCCESS\" > \"${SCRIPT_OUTPUT_FILE_0}\"\n";
			showEnvVarsInLog = 0;
		};
		84FCA770FDCF36633AEB85B7 /* [CP] Embed Pods Frameworks */ = {
			isa = PBXShellScriptBuildPhase;
			buildActionMask = 2147483647;
			files = (
			);
			inputFileListPaths = (
				"${PODS_ROOT}/Target Support Files/Pods-SafeTravels/Pods-SafeTravels-frameworks-${CONFIGURATION}-input-files.xcfilelist",
			);
			name = "[CP] Embed Pods Frameworks";
			outputFileListPaths = (
				"${PODS_ROOT}/Target Support Files/Pods-SafeTravels/Pods-SafeTravels-frameworks-${CONFIGURATION}-output-files.xcfilelist",
			);
			runOnlyForDeploymentPostprocessing = 0;
			shellPath = /bin/sh;
			shellScript = "\"${PODS_ROOT}/Target Support Files/Pods-SafeTravels/Pods-SafeTravels-frameworks.sh\"\n";
			showEnvVarsInLog = 0;
		};
		C162EE6088BBA935FFFEDF6A /* [CP] Check Pods Manifest.lock */ = {
			isa = PBXShellScriptBuildPhase;
			buildActionMask = 2147483647;
			files = (
			);
			inputFileListPaths = (
			);
			inputPaths = (
				"${PODS_PODFILE_DIR_PATH}/Podfile.lock",
				"${PODS_ROOT}/Manifest.lock",
			);
			name = "[CP] Check Pods Manifest.lock";
			outputFileListPaths = (
			);
			outputPaths = (
				"$(DERIVED_FILE_DIR)/Pods-SafeTravels-checkManifestLockResult.txt",
			);
			runOnlyForDeploymentPostprocessing = 0;
			shellPath = /bin/sh;
			shellScript = "diff \"${PODS_PODFILE_DIR_PATH}/Podfile.lock\" \"${PODS_ROOT}/Manifest.lock\" > /dev/null\nif [ $? != 0 ] ; then\n    # print error to STDERR\n    echo \"error: The sandbox is not in sync with the Podfile.lock. Run 'pod install' or update your CocoaPods installation.\" >&2\n    exit 1\nfi\n# This output is used by Xcode 'outputs' to avoid re-running this script phase.\necho \"SUCCESS\" > \"${SCRIPT_OUTPUT_FILE_0}\"\n";
			showEnvVarsInLog = 0;
		};
		C3483592FA13E274EC693E51 /* [CP] Copy Pods Resources */ = {
			isa = PBXShellScriptBuildPhase;
			buildActionMask = 2147483647;
			files = (
			);
			inputFileListPaths = (
				"${PODS_ROOT}/Target Support Files/Pods-SafeTravels-SafeTravelsUITests/Pods-SafeTravels-SafeTravelsUITests-resources-${CONFIGURATION}-input-files.xcfilelist",
			);
			name = "[CP] Copy Pods Resources";
			outputFileListPaths = (
				"${PODS_ROOT}/Target Support Files/Pods-SafeTravels-SafeTravelsUITests/Pods-SafeTravels-SafeTravelsUITests-resources-${CONFIGURATION}-output-files.xcfilelist",
			);
			runOnlyForDeploymentPostprocessing = 0;
			shellPath = /bin/sh;
			shellScript = "\"${PODS_ROOT}/Target Support Files/Pods-SafeTravels-SafeTravelsUITests/Pods-SafeTravels-SafeTravelsUITests-resources.sh\"\n";
			showEnvVarsInLog = 0;
		};
		D89C4E4B4F8C933035B9DD7D /* [CP] Embed Pods Frameworks */ = {
			isa = PBXShellScriptBuildPhase;
			buildActionMask = 2147483647;
			files = (
			);
			inputFileListPaths = (
				"${PODS_ROOT}/Target Support Files/Pods-SafeTravels-SafeTravelsUITests/Pods-SafeTravels-SafeTravelsUITests-frameworks-${CONFIGURATION}-input-files.xcfilelist",
			);
			name = "[CP] Embed Pods Frameworks";
			outputFileListPaths = (
				"${PODS_ROOT}/Target Support Files/Pods-SafeTravels-SafeTravelsUITests/Pods-SafeTravels-SafeTravelsUITests-frameworks-${CONFIGURATION}-output-files.xcfilelist",
			);
			runOnlyForDeploymentPostprocessing = 0;
			shellPath = /bin/sh;
			shellScript = "\"${PODS_ROOT}/Target Support Files/Pods-SafeTravels-SafeTravelsUITests/Pods-SafeTravels-SafeTravelsUITests-frameworks.sh\"\n";
			showEnvVarsInLog = 0;
		};
/* End PBXShellScriptBuildPhase section */

/* Begin PBXSourcesBuildPhase section */
		69DD5A0924BD2F8700C1B323 /* Sources */ = {
			isa = PBXSourcesBuildPhase;
			buildActionMask = 2147483647;
			files = (
				6900CC6C24CB64E500ED82DC /* SingleTripViewController.swift in Sources */,
				69A7FF8824BE47AD00F99895 /* TabBarController.swift in Sources */,
				69DD5A1724BD2F8700C1B323 /* YourTripsViewController.swift in Sources */,
				69DD5A1524BD2F8700C1B323 /* FeedViewController.swift in Sources */,
				6923C51024C77B2E0021EA76 /* MapViewController.swift in Sources */,
				6923C51324C77B2E0021EA76 /* CreateTripViewController.swift in Sources */,
				69DD5A1124BD2F8700C1B323 /* AppDelegate.swift in Sources */,
				6923C51124C77B2E0021EA76 /* LocationSearchTable.swift in Sources */,
				69A7FF8C24BE574900F99895 /* Trip.swift in Sources */,
				69A7FF9024BE594B00F99895 /* Constants.swift in Sources */,
				69A7FF8624BD8C2900F99895 /* LoginViewController.swift in Sources */,
				6923C51224C77B2E0021EA76 /* UserSearchTable.swift in Sources */,
				69DD5A1324BD2F8700C1B323 /* SceneDelegate.swift in Sources */,
			);
			runOnlyForDeploymentPostprocessing = 0;
		};
		69DD5A2124BD2F8A00C1B323 /* Sources */ = {
			isa = PBXSourcesBuildPhase;
			buildActionMask = 2147483647;
			files = (
				69DD5A2A24BD2F8A00C1B323 /* SafeTravelsTests.swift in Sources */,
			);
			runOnlyForDeploymentPostprocessing = 0;
		};
		69DD5A2C24BD2F8A00C1B323 /* Sources */ = {
			isa = PBXSourcesBuildPhase;
			buildActionMask = 2147483647;
			files = (
				69DD5A3524BD2F8A00C1B323 /* SafeTravelsUITests.swift in Sources */,
			);
			runOnlyForDeploymentPostprocessing = 0;
		};
/* End PBXSourcesBuildPhase section */

/* Begin PBXTargetDependency section */
		69DD5A2724BD2F8A00C1B323 /* PBXTargetDependency */ = {
			isa = PBXTargetDependency;
			target = 69DD5A0C24BD2F8700C1B323 /* SafeTravels */;
			targetProxy = 69DD5A2624BD2F8A00C1B323 /* PBXContainerItemProxy */;
		};
		69DD5A3224BD2F8A00C1B323 /* PBXTargetDependency */ = {
			isa = PBXTargetDependency;
			target = 69DD5A0C24BD2F8700C1B323 /* SafeTravels */;
			targetProxy = 69DD5A3124BD2F8A00C1B323 /* PBXContainerItemProxy */;
		};
/* End PBXTargetDependency section */

/* Begin PBXVariantGroup section */
		69DD5A1824BD2F8700C1B323 /* Main.storyboard */ = {
			isa = PBXVariantGroup;
			children = (
				69DD5A1924BD2F8700C1B323 /* Base */,
			);
			name = Main.storyboard;
			sourceTree = "<group>";
		};
		69DD5A1D24BD2F8A00C1B323 /* LaunchScreen.storyboard */ = {
			isa = PBXVariantGroup;
			children = (
				69DD5A1E24BD2F8A00C1B323 /* Base */,
			);
			name = LaunchScreen.storyboard;
			sourceTree = "<group>";
		};
/* End PBXVariantGroup section */

/* Begin XCBuildConfiguration section */
		69DD5A3724BD2F8A00C1B323 /* Debug */ = {
			isa = XCBuildConfiguration;
			buildSettings = {
				ALWAYS_SEARCH_USER_PATHS = NO;
				CLANG_ANALYZER_NONNULL = YES;
				CLANG_ANALYZER_NUMBER_OBJECT_CONVERSION = YES_AGGRESSIVE;
				CLANG_CXX_LANGUAGE_STANDARD = "gnu++14";
				CLANG_CXX_LIBRARY = "libc++";
				CLANG_ENABLE_MODULES = YES;
				CLANG_ENABLE_OBJC_ARC = YES;
				CLANG_ENABLE_OBJC_WEAK = YES;
				CLANG_WARN_BLOCK_CAPTURE_AUTORELEASING = YES;
				CLANG_WARN_BOOL_CONVERSION = YES;
				CLANG_WARN_COMMA = YES;
				CLANG_WARN_CONSTANT_CONVERSION = YES;
				CLANG_WARN_DEPRECATED_OBJC_IMPLEMENTATIONS = YES;
				CLANG_WARN_DIRECT_OBJC_ISA_USAGE = YES_ERROR;
				CLANG_WARN_DOCUMENTATION_COMMENTS = YES;
				CLANG_WARN_EMPTY_BODY = YES;
				CLANG_WARN_ENUM_CONVERSION = YES;
				CLANG_WARN_INFINITE_RECURSION = YES;
				CLANG_WARN_INT_CONVERSION = YES;
				CLANG_WARN_NON_LITERAL_NULL_CONVERSION = YES;
				CLANG_WARN_OBJC_IMPLICIT_RETAIN_SELF = YES;
				CLANG_WARN_OBJC_LITERAL_CONVERSION = YES;
				CLANG_WARN_OBJC_ROOT_CLASS = YES_ERROR;
				CLANG_WARN_RANGE_LOOP_ANALYSIS = YES;
				CLANG_WARN_STRICT_PROTOTYPES = YES;
				CLANG_WARN_SUSPICIOUS_MOVE = YES;
				CLANG_WARN_UNGUARDED_AVAILABILITY = YES_AGGRESSIVE;
				CLANG_WARN_UNREACHABLE_CODE = YES;
				CLANG_WARN__DUPLICATE_METHOD_MATCH = YES;
				COPY_PHASE_STRIP = NO;
				DEBUG_INFORMATION_FORMAT = dwarf;
				ENABLE_STRICT_OBJC_MSGSEND = YES;
				ENABLE_TESTABILITY = YES;
				GCC_C_LANGUAGE_STANDARD = gnu11;
				GCC_DYNAMIC_NO_PIC = NO;
				GCC_NO_COMMON_BLOCKS = YES;
				GCC_OPTIMIZATION_LEVEL = 0;
				GCC_PREPROCESSOR_DEFINITIONS = (
					"DEBUG=1",
					"$(inherited)",
				);
				GCC_WARN_64_TO_32_BIT_CONVERSION = YES;
				GCC_WARN_ABOUT_RETURN_TYPE = YES_ERROR;
				GCC_WARN_UNDECLARED_SELECTOR = YES;
				GCC_WARN_UNINITIALIZED_AUTOS = YES_AGGRESSIVE;
				GCC_WARN_UNUSED_FUNCTION = YES;
				GCC_WARN_UNUSED_VARIABLE = YES;
				IPHONEOS_DEPLOYMENT_TARGET = 13.5;
				MTL_ENABLE_DEBUG_INFO = INCLUDE_SOURCE;
				MTL_FAST_MATH = YES;
				ONLY_ACTIVE_ARCH = YES;
				SDKROOT = iphoneos;
				SWIFT_ACTIVE_COMPILATION_CONDITIONS = DEBUG;
				SWIFT_OPTIMIZATION_LEVEL = "-Onone";
			};
			name = Debug;
		};
		69DD5A3824BD2F8A00C1B323 /* Release */ = {
			isa = XCBuildConfiguration;
			buildSettings = {
				ALWAYS_SEARCH_USER_PATHS = NO;
				CLANG_ANALYZER_NONNULL = YES;
				CLANG_ANALYZER_NUMBER_OBJECT_CONVERSION = YES_AGGRESSIVE;
				CLANG_CXX_LANGUAGE_STANDARD = "gnu++14";
				CLANG_CXX_LIBRARY = "libc++";
				CLANG_ENABLE_MODULES = YES;
				CLANG_ENABLE_OBJC_ARC = YES;
				CLANG_ENABLE_OBJC_WEAK = YES;
				CLANG_WARN_BLOCK_CAPTURE_AUTORELEASING = YES;
				CLANG_WARN_BOOL_CONVERSION = YES;
				CLANG_WARN_COMMA = YES;
				CLANG_WARN_CONSTANT_CONVERSION = YES;
				CLANG_WARN_DEPRECATED_OBJC_IMPLEMENTATIONS = YES;
				CLANG_WARN_DIRECT_OBJC_ISA_USAGE = YES_ERROR;
				CLANG_WARN_DOCUMENTATION_COMMENTS = YES;
				CLANG_WARN_EMPTY_BODY = YES;
				CLANG_WARN_ENUM_CONVERSION = YES;
				CLANG_WARN_INFINITE_RECURSION = YES;
				CLANG_WARN_INT_CONVERSION = YES;
				CLANG_WARN_NON_LITERAL_NULL_CONVERSION = YES;
				CLANG_WARN_OBJC_IMPLICIT_RETAIN_SELF = YES;
				CLANG_WARN_OBJC_LITERAL_CONVERSION = YES;
				CLANG_WARN_OBJC_ROOT_CLASS = YES_ERROR;
				CLANG_WARN_RANGE_LOOP_ANALYSIS = YES;
				CLANG_WARN_STRICT_PROTOTYPES = YES;
				CLANG_WARN_SUSPICIOUS_MOVE = YES;
				CLANG_WARN_UNGUARDED_AVAILABILITY = YES_AGGRESSIVE;
				CLANG_WARN_UNREACHABLE_CODE = YES;
				CLANG_WARN__DUPLICATE_METHOD_MATCH = YES;
				COPY_PHASE_STRIP = NO;
				DEBUG_INFORMATION_FORMAT = "dwarf-with-dsym";
				ENABLE_NS_ASSERTIONS = NO;
				ENABLE_STRICT_OBJC_MSGSEND = YES;
				GCC_C_LANGUAGE_STANDARD = gnu11;
				GCC_NO_COMMON_BLOCKS = YES;
				GCC_WARN_64_TO_32_BIT_CONVERSION = YES;
				GCC_WARN_ABOUT_RETURN_TYPE = YES_ERROR;
				GCC_WARN_UNDECLARED_SELECTOR = YES;
				GCC_WARN_UNINITIALIZED_AUTOS = YES_AGGRESSIVE;
				GCC_WARN_UNUSED_FUNCTION = YES;
				GCC_WARN_UNUSED_VARIABLE = YES;
				IPHONEOS_DEPLOYMENT_TARGET = 13.5;
				MTL_ENABLE_DEBUG_INFO = NO;
				MTL_FAST_MATH = YES;
				SDKROOT = iphoneos;
				SWIFT_COMPILATION_MODE = wholemodule;
				SWIFT_OPTIMIZATION_LEVEL = "-O";
				VALIDATE_PRODUCT = YES;
			};
			name = Release;
		};
		69DD5A3A24BD2F8A00C1B323 /* Debug */ = {
			isa = XCBuildConfiguration;
			baseConfigurationReference = CB0E012AAD6779D98F743CB6 /* Pods-SafeTravels.debug.xcconfig */;
			buildSettings = {
				ASSETCATALOG_COMPILER_APPICON_NAME = AppIcon;
				CODE_SIGN_STYLE = Automatic;
				DEVELOPMENT_TEAM = B2V62GXEXJ;
				INFOPLIST_FILE = SafeTravels/Info.plist;
				LD_RUNPATH_SEARCH_PATHS = (
					"$(inherited)",
					"@executable_path/Frameworks",
				);
				PRODUCT_BUNDLE_IDENTIFIER = p.jay.patel.apps.SafeTravels;
				PRODUCT_NAME = "$(TARGET_NAME)";
				SWIFT_VERSION = 5.0;
				TARGETED_DEVICE_FAMILY = "1,2";
			};
			name = Debug;
		};
		69DD5A3B24BD2F8A00C1B323 /* Release */ = {
			isa = XCBuildConfiguration;
			baseConfigurationReference = 92D3F04C789813017DAFA3FE /* Pods-SafeTravels.release.xcconfig */;
			buildSettings = {
				ASSETCATALOG_COMPILER_APPICON_NAME = AppIcon;
				CODE_SIGN_STYLE = Automatic;
				DEVELOPMENT_TEAM = B2V62GXEXJ;
				INFOPLIST_FILE = SafeTravels/Info.plist;
				LD_RUNPATH_SEARCH_PATHS = (
					"$(inherited)",
					"@executable_path/Frameworks",
				);
				PRODUCT_BUNDLE_IDENTIFIER = p.jay.patel.apps.SafeTravels;
				PRODUCT_NAME = "$(TARGET_NAME)";
				SWIFT_VERSION = 5.0;
				TARGETED_DEVICE_FAMILY = "1,2";
			};
			name = Release;
		};
		69DD5A3D24BD2F8A00C1B323 /* Debug */ = {
			isa = XCBuildConfiguration;
			baseConfigurationReference = 93B734A5E5314F2E8C514FCA /* Pods-SafeTravelsTests.debug.xcconfig */;
			buildSettings = {
				ALWAYS_EMBED_SWIFT_STANDARD_LIBRARIES = YES;
				BUNDLE_LOADER = "$(TEST_HOST)";
				CODE_SIGN_STYLE = Automatic;
				DEVELOPMENT_TEAM = B2V62GXEXJ;
				INFOPLIST_FILE = SafeTravelsTests/Info.plist;
				IPHONEOS_DEPLOYMENT_TARGET = 13.5;
				LD_RUNPATH_SEARCH_PATHS = (
					"$(inherited)",
					"@executable_path/Frameworks",
					"@loader_path/Frameworks",
				);
				PRODUCT_BUNDLE_IDENTIFIER = p.jay.patel.apps.SafeTravelsTests;
				PRODUCT_NAME = "$(TARGET_NAME)";
				SWIFT_VERSION = 5.0;
				TARGETED_DEVICE_FAMILY = "1,2";
				TEST_HOST = "$(BUILT_PRODUCTS_DIR)/SafeTravels.app/SafeTravels";
			};
			name = Debug;
		};
		69DD5A3E24BD2F8A00C1B323 /* Release */ = {
			isa = XCBuildConfiguration;
			baseConfigurationReference = AAAE41D57DCEA806BE7D69AC /* Pods-SafeTravelsTests.release.xcconfig */;
			buildSettings = {
				ALWAYS_EMBED_SWIFT_STANDARD_LIBRARIES = YES;
				BUNDLE_LOADER = "$(TEST_HOST)";
				CODE_SIGN_STYLE = Automatic;
				DEVELOPMENT_TEAM = B2V62GXEXJ;
				INFOPLIST_FILE = SafeTravelsTests/Info.plist;
				IPHONEOS_DEPLOYMENT_TARGET = 13.5;
				LD_RUNPATH_SEARCH_PATHS = (
					"$(inherited)",
					"@executable_path/Frameworks",
					"@loader_path/Frameworks",
				);
				PRODUCT_BUNDLE_IDENTIFIER = p.jay.patel.apps.SafeTravelsTests;
				PRODUCT_NAME = "$(TARGET_NAME)";
				SWIFT_VERSION = 5.0;
				TARGETED_DEVICE_FAMILY = "1,2";
				TEST_HOST = "$(BUILT_PRODUCTS_DIR)/SafeTravels.app/SafeTravels";
			};
			name = Release;
		};
		69DD5A4024BD2F8A00C1B323 /* Debug */ = {
			isa = XCBuildConfiguration;
			baseConfigurationReference = A55ADB370FAC9CAEAF5CD6FD /* Pods-SafeTravels-SafeTravelsUITests.debug.xcconfig */;
			buildSettings = {
				ALWAYS_EMBED_SWIFT_STANDARD_LIBRARIES = YES;
				CODE_SIGN_STYLE = Automatic;
				DEVELOPMENT_TEAM = B2V62GXEXJ;
				INFOPLIST_FILE = SafeTravelsUITests/Info.plist;
				LD_RUNPATH_SEARCH_PATHS = (
					"$(inherited)",
					"@executable_path/Frameworks",
					"@loader_path/Frameworks",
				);
				PRODUCT_BUNDLE_IDENTIFIER = p.jay.patel.apps.SafeTravelsUITests;
				PRODUCT_NAME = "$(TARGET_NAME)";
				SWIFT_VERSION = 5.0;
				TARGETED_DEVICE_FAMILY = "1,2";
				TEST_TARGET_NAME = SafeTravels;
			};
			name = Debug;
		};
		69DD5A4124BD2F8A00C1B323 /* Release */ = {
			isa = XCBuildConfiguration;
			baseConfigurationReference = 5EA34F87A95FE5D18FA519D4 /* Pods-SafeTravels-SafeTravelsUITests.release.xcconfig */;
			buildSettings = {
				ALWAYS_EMBED_SWIFT_STANDARD_LIBRARIES = YES;
				CODE_SIGN_STYLE = Automatic;
				DEVELOPMENT_TEAM = B2V62GXEXJ;
				INFOPLIST_FILE = SafeTravelsUITests/Info.plist;
				LD_RUNPATH_SEARCH_PATHS = (
					"$(inherited)",
					"@executable_path/Frameworks",
					"@loader_path/Frameworks",
				);
				PRODUCT_BUNDLE_IDENTIFIER = p.jay.patel.apps.SafeTravelsUITests;
				PRODUCT_NAME = "$(TARGET_NAME)";
				SWIFT_VERSION = 5.0;
				TARGETED_DEVICE_FAMILY = "1,2";
				TEST_TARGET_NAME = SafeTravels;
			};
			name = Release;
		};
/* End XCBuildConfiguration section */

/* Begin XCConfigurationList section */
		69DD5A0824BD2F8600C1B323 /* Build configuration list for PBXProject "SafeTravels" */ = {
			isa = XCConfigurationList;
			buildConfigurations = (
				69DD5A3724BD2F8A00C1B323 /* Debug */,
				69DD5A3824BD2F8A00C1B323 /* Release */,
			);
			defaultConfigurationIsVisible = 0;
			defaultConfigurationName = Release;
		};
		69DD5A3924BD2F8A00C1B323 /* Build configuration list for PBXNativeTarget "SafeTravels" */ = {
			isa = XCConfigurationList;
			buildConfigurations = (
				69DD5A3A24BD2F8A00C1B323 /* Debug */,
				69DD5A3B24BD2F8A00C1B323 /* Release */,
			);
			defaultConfigurationIsVisible = 0;
			defaultConfigurationName = Release;
		};
		69DD5A3C24BD2F8A00C1B323 /* Build configuration list for PBXNativeTarget "SafeTravelsTests" */ = {
			isa = XCConfigurationList;
			buildConfigurations = (
				69DD5A3D24BD2F8A00C1B323 /* Debug */,
				69DD5A3E24BD2F8A00C1B323 /* Release */,
			);
			defaultConfigurationIsVisible = 0;
			defaultConfigurationName = Release;
		};
		69DD5A3F24BD2F8A00C1B323 /* Build configuration list for PBXNativeTarget "SafeTravelsUITests" */ = {
			isa = XCConfigurationList;
			buildConfigurations = (
				69DD5A4024BD2F8A00C1B323 /* Debug */,
				69DD5A4124BD2F8A00C1B323 /* Release */,
			);
			defaultConfigurationIsVisible = 0;
			defaultConfigurationName = Release;
		};
/* End XCConfigurationList section */
	};
	rootObject = 69DD5A0524BD2F8600C1B323 /* Project object */;
}
